
Microsoft Visual Studio Solution File, Format Version 12.00
# Visual Studio Version 16
VisualStudioVersion = 16.0.29613.14
MinimumVisualStudioVersion = 10.0.40219.1
Project("{FAE04EC0-301F-11D3-BF4B-00C04F79EFBC}") = "Stringc", "Stringc.csproj", "{DF80620A-C05D-4E5B-9D02-5CDB6F22F33E}"
EndProject
Global
	GlobalSection(SolutionConfigurationPlatforms) = preSolution
		Debug|Any CPU = Debug|Any CPU
		Release|Any CPU = Release|Any CPU
	EndGlobalSection
	GlobalSection(ProjectConfigurationPlatforms) = postSolution
		{DF80620A-C05D-4E5B-9D02-5CDB6F22F33E}.Debug|Any CPU.ActiveCfg = Debug|Any CPU
		{DF80620A-C05D-4E5B-9D02-5CDB6F22F33E}.Debug|Any CPU.Build.0 = Debug|Any CPU
		{DF80620A-C05D-4E5B-9D02-5CDB6F22F33E}.Release|Any CPU.ActiveCfg = Release|Any CPU
		{DF80620A-C05D-4E5B-9D02-5CDB6F22F33E}.Release|Any CPU.Build.0 = Release|Any CPU
	EndGlobalSection
	GlobalSection(SolutionProperties) = preSolution
		HideSolutionNode = FALSE
	EndGlobalSection
	GlobalSection(ExtensibilityGlobals) = postSolution
		SolutionGuid = {14625AC5-E5C4-4B0C-AF23-2FEC5C453910}
	EndGlobalSection
EndGlobal
